PODS:
  - Flutter (1.0.0)
  - flutter_social_share (0.0.1):
    - Flutter
    - JCore (= 2.1.4-noidfa)
    - JShare
  - JCore (2.1.4-noidfa)
  - JShare (1.9.1):
    - JCore (< 3.0.0, >= 1.2.0)

DEPENDENCIES:
  - Flutter (from `Flutter`)
  - flutter_social_share (from `.symlinks/plugins/flutter_social_share/ios`)

SPEC REPOS:
  trunk:
    - JCore
    - JShare

EXTERNAL SOURCES:
  Flutter:
    :path: Flutter
  flutter_social_share:
    :path: ".symlinks/plugins/flutter_social_share/ios"

SPEC CHECKSUMS:
  Flutter: 434fef37c0980e73bb6479ef766c45957d4b510c
  flutter_social_share: 85d8c6fd5d13e5a8811ab4478c18799288866467
  JCore: 2f15311e6889ab43ed5d629802ef793cac566465
  JShare: f8af6e61c9f56645735d3c96aa60ce7766762eb5

PODFILE CHECKSUM: aafe91acc616949ddb318b77800a7f51bffa2a4c

COCOAPODS: 1.10.0
